
Microsoft Visual Studio Solution File, Format Version 12.00
# Visual Studio Version 17
VisualStudioVersion = 17.14.36221.1 d17.14
MinimumVisualStudioVersion = 10.0.40219.1
Project("{FAE04EC0-301F-11D3-BF4B-00C04F79EFBC}") = "ajesha", "ajesha\ajesha.csproj", "{1F3C6A18-F366-4916-AF27-9C805F1C9537}"
EndProject
Global
	GlobalSection(SolutionConfigurationPlatforms) = preSolution
		Debug|Any CPU = Debug|Any CPU
		Release|Any CPU = Release|Any CPU
	EndGlobalSection
	GlobalSection(ProjectConfigurationPlatforms) = postSolution
		{1F3C6A18-F366-4916-AF27-9C805F1C9537}.Debug|Any CPU.ActiveCfg = Debug|Any CPU
		{1F3C6A18-F366-4916-AF27-9C805F1C9537}.Debug|Any CPU.Build.0 = Debug|Any CPU
		{1F3C6A18-F366-4916-AF27-9C805F1C9537}.Release|Any CPU.ActiveCfg = Release|Any CPU
		{1F3C6A18-F366-4916-AF27-9C805F1C9537}.Release|Any CPU.Build.0 = Release|Any CPU
	EndGlobalSection
	GlobalSection(SolutionProperties) = preSolution
		HideSolutionNode = FALSE
	EndGlobalSection
	GlobalSection(ExtensibilityGlobals) = postSolution
		SolutionGuid = {02E8B5EF-CCEF-4567-98AF-23A9B50DBBEA}
	EndGlobalSection
EndGlobal
